# This is a Gradle generated file for dependency locking.
# Manual edits can break the build and are not advised.
# This file is expected to be part of source control.
# To regenerate this file, run: ./gradlew :dependencies --write-locks
androidx.activity:activity:1.0.0=play
androidx.annotation:annotation:1.1.0=play
androidx.arch.core:core-common:2.1.0=play
androidx.arch.core:core-runtime:2.0.0=play
androidx.collection:collection:1.1.0=play
androidx.core:core:1.2.0=play
androidx.customview:customview:1.0.0=play
androidx.fragment:fragment:1.1.0=play
androidx.lifecycle:lifecycle-common:2.1.0=play
androidx.lifecycle:lifecycle-livedata-core:2.0.0=play
androidx.lifecycle:lifecycle-livedata:2.0.0=play
androidx.lifecycle:lifecycle-runtime:2.1.0=play
androidx.lifecycle:lifecycle-viewmodel:2.1.0=play
androidx.loader:loader:1.0.0=play
androidx.savedstate:savedstate:1.0.0=play
androidx.versionedparcelable:versionedparcelable:1.1.0=play
androidx.viewpager:viewpager:1.0.0=play
com.android.tools.analytics-library:protos:31.13.2=merger
com.android.tools.analytics-library:shared:31.13.2=merger
com.android.tools.build:aapt2-proto:8.13.2-14304508=merger
com.android.tools.build:manifest-merger:31.13.2=merger
com.android.tools.ddms:ddmlib:31.13.2=merger
com.android.tools.layoutlib:layoutlib-api:31.13.2=merger
com.android.tools:annotations:31.13.2=merger
com.android.tools:common:31.13.2=merger
com.android.tools:dvlib:31.13.2=merger
com.android.tools:repository:31.13.2=merger
com.android.tools:sdk-common:31.13.2=merger
com.android.tools:sdklib:31.13.2=merger
com.google.android.gms:play-services-base:18.5.0=play
com.google.android.gms:play-services-basement:18.4.0=play
com.google.android.gms:play-services-games-v2:21.0.0=play
com.google.android.gms:play-services-tasks:18.2.0=play
com.google.code.findbugs:jsr305:3.0.2=merger
com.google.code.gson:gson:2.11.0=merger
com.google.errorprone:error_prone_annotations:2.28.0=merger
com.google.guava:failureaccess:1.0.2=merger
com.google.guava:guava:33.3.1-jre=merger
com.google.guava:listenablefuture:9999.0-empty-to-avoid-conflict-with-guava=merger
com.google.j2objc:j2objc-annotations:3.0.0=merger
com.google.jimfs:jimfs:1.1=merger
com.google.protobuf:protobuf-java:3.25.5=merger
com.sun.activation:javax.activation:1.2.0=merger
com.sun.istack:istack-commons-runtime:3.0.8=merger
com.sun.xml.fastinfoset:FastInfoset:1.2.16=merger
commons-codec:commons-codec:1.10=merger
commons-logging:commons-logging:1.2=merger
jakarta.activation:jakarta.activation-api:1.2.1=merger
jakarta.xml.bind:jakarta.xml.bind-api:2.3.2=merger
javax.inject:javax.inject:1=merger
net.java.dev.jna:jna-platform:5.6.0=merger
net.java.dev.jna:jna:5.6.0=merger
net.sf.kxml:kxml2:2.3.0=merger
org.apache.commons:commons-compress:1.21=merger
org.apache.httpcomponents:httpclient:4.5.6=merger
org.apache.httpcomponents:httpcore:4.4.16=merger
org.apache.httpcomponents:httpmime:4.5.6=merger
org.bouncycastle:bcpkix-jdk18on:1.79=merger
org.bouncycastle:bcprov-jdk18on:1.79=merger
org.bouncycastle:bcutil-jdk18on:1.79=merger
org.checkerframework:checker-qual:3.43.0=merger
org.glassfish.jaxb:jaxb-runtime:2.3.2=merger
org.glassfish.jaxb:txw2:2.3.2=merger
org.jetbrains.kotlin:kotlin-reflect:2.2.0=merger
org.jetbrains.kotlin:kotlin-stdlib-jdk7:2.2.0=merger
org.jetbrains.kotlin:kotlin-stdlib-jdk8:2.2.0=merger
org.jetbrains.kotlin:kotlin-stdlib:2.2.0=merger
org.jetbrains.kotlinx:kotlinx-coroutines-core-jvm:1.9.0=merger
org.jetbrains.kotlinx:kotlinx-coroutines-core:1.9.0=merger
org.jetbrains:annotations:23.0.0=merger
org.jvnet.staxex:stax-ex:1.8.1=merger
empty=
